<?xml version="1.0" encoding="utf-8"?>
<Project ToolsVersion="4.0" xmlns="http://schemas.microsoft.com/developer/msbuild/2003">
  <ItemGroup>
    <Filter Include="src">
      <UniqueIdentifier>{2DAB880B-99B4-887C-2230-9F7C8E38947C}</UniqueIdentifier>
    </Filter>
    <Filter Include="src\engine">
      <UniqueIdentifier>{32B5D758-1E6D-19A6-8774-F201734BB496}</UniqueIdentifier>
    </Filter>
    <Filter Include="src\engine\Systems">
      <UniqueIdentifier>{391DE573-2501-A6C9-8E61-A01C7A64904B}</UniqueIdentifier>
    </Filter>
    <Filter Include="vendor">
      <UniqueIdentifier>{B3738122-9F15-ACF8-88D0-BF4C74113349}</UniqueIdentifier>
    </Filter>
    <Filter Include="vendor\glad">
      <UniqueIdentifier>{9A8E79C1-0644-F2B6-8F38-EC8DFBECE8BA}</UniqueIdentifier>
    </Filter>
    <Filter Include="vendor\glad\src">
      <UniqueIdentifier>{B1098FEA-1D95-FCAE-26A6-7FA392B058AF}</UniqueIdentifier>
    </Filter>
    <Filter Include="vendor\imgui">
      <UniqueIdentifier>{5D3BD0F0-499E-5F95-F223-984BDE652B18}</UniqueIdentifier>
    </Filter>
    <Filter Include="vendor\imgui\backends">
      <UniqueIdentifier>{27CEAEAF-933A-6AAA-5C2E-0208C8598C12}</UniqueIdentifier>
    </Filter>
  </ItemGroup>
  <ItemGroup>
    <ClInclude Include="src\XTEngine2d.h">
      <Filter>src</Filter>
    </ClInclude>
    <ClInclude Include="src\engine\Animation.h">
      <Filter>src\engine</Filter>
    </ClInclude>
    <ClInclude Include="src\engine\AnimationStateMachine.h">
      <Filter>src\engine</Filter>
    </ClInclude>
    <ClInclude Include="src\engine\Application.h">
      <Filter>src\engine</Filter>
    </ClInclude>
    <ClInclude Include="src\engine\AssetManager.h">
      <Filter>src\engine</Filter>
    </ClInclude>
    <ClInclude Include="src\engine\Camera.h">
      <Filter>src\engine</Filter>
    </ClInclude>
    <ClInclude Include="src\engine\CameraController.h">
      <Filter>src\engine</Filter>
    </ClInclude>
    <ClInclude Include="src\engine\ComponentSerializer.h">
      <Filter>src\engine</Filter>
    </ClInclude>
    <ClInclude Include="src\engine\Core.h">
      <Filter>src\engine</Filter>
    </ClInclude>
    <ClInclude Include="src\engine\Editor.h">
      <Filter>src\engine</Filter>
    </ClInclude>
    <ClInclude Include="src\engine\EntryPoint.h">
      <Filter>src\engine</Filter>
    </ClInclude>
    <ClInclude Include="src\engine\FrameBuffer.h">
      <Filter>src\engine</Filter>
    </ClInclude>
    <ClInclude Include="src\engine\GLFWWindow.h">
      <Filter>src\engine</Filter>
    </ClInclude>
    <ClInclude Include="src\engine\IndexBufferObject.h">
      <Filter>src\engine</Filter>
    </ClInclude>
    <ClInclude Include="src\engine\InputManager.h">
      <Filter>src\engine</Filter>
    </ClInclude>
    <ClInclude Include="src\engine\KeyboardInputHandle.h">
      <Filter>src\engine</Filter>
    </ClInclude>
    <ClInclude Include="src\engine\LineRenderer.h">
      <Filter>src\engine</Filter>
    </ClInclude>
    <ClInclude Include="src\engine\Log.h">
      <Filter>src\engine</Filter>
    </ClInclude>
    <ClInclude Include="src\engine\MouseInputHandle.h">
      <Filter>src\engine</Filter>
    </ClInclude>
    <ClInclude Include="src\engine\PlayerController.h">
      <Filter>src\engine</Filter>
    </ClInclude>
    <ClInclude Include="src\engine\QuadMesh.h">
      <Filter>src\engine</Filter>
    </ClInclude>
    <ClInclude Include="src\engine\Registry.h">
      <Filter>src\engine</Filter>
    </ClInclude>
    <ClInclude Include="src\engine\Renderer.h">
      <Filter>src\engine</Filter>
    </ClInclude>
    <ClInclude Include="src\engine\Scene.h">
      <Filter>src\engine</Filter>
    </ClInclude>
    <ClInclude Include="src\engine\SceneSerializer.h">
      <Filter>src\engine</Filter>
    </ClInclude>
    <ClInclude Include="src\engine\Shader.h">
      <Filter>src\engine</Filter>
    </ClInclude>
    <ClInclude Include="src\engine\Sprite.h">
      <Filter>src\engine</Filter>
    </ClInclude>
    <ClInclude Include="src\engine\SpriteSheet.h">
      <Filter>src\engine</Filter>
    </ClInclude>
    <ClInclude Include="src\engine\Systems\MovementSystem.h">
      <Filter>src\engine\Systems</Filter>
    </ClInclude>
    <ClInclude Include="src\engine\Systems\RenderSystem.h">
      <Filter>src\engine\Systems</Filter>
    </ClInclude>
    <ClInclude Include="src\engine\Textures.h">
      <Filter>src\engine</Filter>
    </ClInclude>
    <ClInclude Include="src\engine\Utility.h">
      <Filter>src\engine</Filter>
    </ClInclude>
    <ClInclude Include="src\engine\VertexArrayObject.h">
      <Filter>src\engine</Filter>
    </ClInclude>
    <ClInclude Include="src\engine\VertexBufferObject.h">
      <Filter>src\engine</Filter>
    </ClInclude>
    <ClInclude Include="src\engine\Window.h">
      <Filter>src\engine</Filter>
    </ClInclude>
    <ClInclude Include="src\engine\stb_image.h">
      <Filter>src\engine</Filter>
    </ClInclude>
    <ClInclude Include="src\engine\Editor\Panels\ViewportPanel.h" />
    <ClInclude Include="src\engine\Editor\Panels\InspectorPanel.h" />
    <ClInclude Include="src\engine\Editor\Panels\ScenePanel.h" />
    <ClInclude Include="src\engine\Editor\Panels\EntityManagerPanel.h" />
    <ClInclude Include="src\engine\Editor\Panels\HierarchyPanel.h" />
    <ClInclude Include="src\engine\Editor\EditorCamera.h" />
    <ClInclude Include="src\engine\Editor\Panels\AssetsBrowserPanel.h" />
    <ClInclude Include="src\engine\Hierarchy.h" />
    <ClInclude Include="src\engine\PrefabSerializer.h" />
    <ClInclude Include="src\engine\ICommand.h" />
    <ClInclude Include="src\engine\Commands\MoveEntityCommand.h" />
  </ItemGroup>
  <ItemGroup>
    <ClCompile Include="src\engine\Application.cpp">
      <Filter>src\engine</Filter>
    </ClCompile>
    <ClCompile Include="src\engine\AssetManager.cpp">
      <Filter>src\engine</Filter>
    </ClCompile>
    <ClCompile Include="src\engine\Camera.cpp">
      <Filter>src\engine</Filter>
    </ClCompile>
    <ClCompile Include="src\engine\ComponentSerializer.cpp">
      <Filter>src\engine</Filter>
    </ClCompile>
    <ClCompile Include="src\engine\Editor.cpp">
      <Filter>src\engine</Filter>
    </ClCompile>
    <ClCompile Include="src\engine\FrameBuffer.cpp">
      <Filter>src\engine</Filter>
    </ClCompile>
    <ClCompile Include="src\engine\GLFWWindow.cpp">
      <Filter>src\engine</Filter>
    </ClCompile>
    <ClCompile Include="src\engine\InputManager.cpp">
      <Filter>src\engine</Filter>
    </ClCompile>
    <ClCompile Include="src\engine\LineRenderer.cpp">
      <Filter>src\engine</Filter>
    </ClCompile>
    <ClCompile Include="src\engine\Log.cpp">
      <Filter>src\engine</Filter>
    </ClCompile>
    <ClCompile Include="src\engine\QuadMesh.cpp">
      <Filter>src\engine</Filter>
    </ClCompile>
    <ClCompile Include="src\engine\Renderer.cpp">
      <Filter>src\engine</Filter>
    </ClCompile>
    <ClCompile Include="src\engine\Scene.cpp">
      <Filter>src\engine</Filter>
    </ClCompile>
    <ClCompile Include="src\engine\SceneSerializer.cpp">
      <Filter>src\engine</Filter>
    </ClCompile>
    <ClCompile Include="src\engine\Shader.cpp">
      <Filter>src\engine</Filter>
    </ClCompile>
    <ClCompile Include="src\engine\Systems\MovementSystem.cpp">
      <Filter>src\engine\Systems</Filter>
    </ClCompile>
    <ClCompile Include="src\engine\Systems\RenderSystem.cpp">
      <Filter>src\engine\Systems</Filter>
    </ClCompile>
    <ClCompile Include="src\engine\Window.cpp">
      <Filter>src\engine</Filter>
    </ClCompile>
    <ClCompile Include="src\engine\imgui_impl_glfw.cpp">
      <Filter>src\engine</Filter>
    </ClCompile>
    <ClCompile Include="src\engine\imgui_impl_opengl3.cpp">
      <Filter>src\engine</Filter>
    </ClCompile>
    <ClCompile Include="src\engine\stb_image.cpp">
      <Filter>src\engine</Filter>
    </ClCompile>
    <ClCompile Include="vendor\glad\src\glad.c">
      <Filter>vendor\glad\src</Filter>
    </ClCompile>
    <ClCompile Include="vendor\imgui\backends\imgui_impl_glfw.cpp">
      <Filter>vendor\imgui\backends</Filter>
    </ClCompile>
    <ClCompile Include="vendor\imgui\backends\imgui_impl_opengl3.cpp">
      <Filter>vendor\imgui\backends</Filter>
    </ClCompile>
    <ClCompile Include="vendor\imgui\imgui.cpp">
      <Filter>vendor\imgui</Filter>
    </ClCompile>
    <ClCompile Include="vendor\imgui\imgui_demo.cpp">
      <Filter>vendor\imgui</Filter>
    </ClCompile>
    <ClCompile Include="vendor\imgui\imgui_draw.cpp">
      <Filter>vendor\imgui</Filter>
    </ClCompile>
    <ClCompile Include="vendor\imgui\imgui_tables.cpp">
      <Filter>vendor\imgui</Filter>
    </ClCompile>
    <ClCompile Include="vendor\imgui\imgui_widgets.cpp">
      <Filter>vendor\imgui</Filter>
    </ClCompile>
    <ClCompile Include="src\engine\Editor\Panels\ViewportPanel.cpp" />
    <ClCompile Include="src\engine\Editor\Panels\InspectorPanel.cpp" />
    <ClCompile Include="src\engine\Editor\Panels\ScenePanel.cpp" />
    <ClCompile Include="src\engine\Editor\Panels\EntityManagerPanel.cpp" />
    <ClCompile Include="src\engine\Editor\Panels\HierarchyPanel.cpp" />
    <ClCompile Include="src\engine\Editor\EditorCamera.cpp" />
    <ClCompile Include="src\engine\Editor\Panels\AssetsBrowserPanel.cpp" />
    <ClCompile Include="src\engine\Hierarchy.cpp" />
    <ClCompile Include="src\engine\PrefabSerializer.cpp" />
    <ClCompile Include="src\engine\ICommand.cpp" />
    <ClCompile Include="src\engine\Commands\MoveEntityCommand.cpp" />
  </ItemGroup>
</Project>